
Microsoft Visual Studio Solution File, Format Version 12.00
# Visual Studio Version 17
VisualStudioVersion = 17.10.34916.146
MinimumVisualStudioVersion = 10.0.40219.1
Project("{FAE04EC0-301F-11D3-BF4B-00C04F79EFBC}") = "Users.UI", "Users.UI\Users.UI.csproj", "{96A59DFB-D121-4E01-A633-146A6582AEF9}"
EndProject
Global
	GlobalSection(SolutionConfigurationPlatforms) = preSolution
		Debug|Any CPU = Debug|Any CPU
		Release|Any CPU = Release|Any CPU
	EndGlobalSection
	GlobalSection(ProjectConfigurationPlatforms) = postSolution
		{96A59DFB-D121-4E01-A633-146A6582AEF9}.Debug|Any CPU.ActiveCfg = Debug|Any CPU
		{96A59DFB-D121-4E01-A633-146A6582AEF9}.Debug|Any CPU.Build.0 = Debug|Any CPU
		{96A59DFB-D121-4E01-A633-146A6582AEF9}.Release|Any CPU.ActiveCfg = Release|Any CPU
		{96A59DFB-D121-4E01-A633-146A6582AEF9}.Release|Any CPU.Build.0 = Release|Any CPU
	EndGlobalSection
	GlobalSection(SolutionProperties) = preSolution
		HideSolutionNode = FALSE
	EndGlobalSection
	GlobalSection(ExtensibilityGlobals) = postSolution
		SolutionGuid = {DA944187-B18C-4A95-9061-BE68F9428382}
	EndGlobalSection
EndGlobal
