
Microsoft Visual Studio Solution File, Format Version 12.00
# Visual Studio Version 17
VisualStudioVersion = 17.10.34916.146
MinimumVisualStudioVersion = 10.0.40219.1
Project("{FAE04EC0-301F-11D3-BF4B-00C04F79EFBC}") = "ConteinerApp", "ConteinerApp\ConteinerApp.csproj", "{E25412D4-7A48-4E8B-B1DF-BD65D791752F}"
EndProject
Global
	GlobalSection(SolutionConfigurationPlatforms) = preSolution
		Debug|Any CPU = Debug|Any CPU
		Release|Any CPU = Release|Any CPU
	EndGlobalSection
	GlobalSection(ProjectConfigurationPlatforms) = postSolution
		{E25412D4-7A48-4E8B-B1DF-BD65D791752F}.Debug|Any CPU.ActiveCfg = Debug|Any CPU
		{E25412D4-7A48-4E8B-B1DF-BD65D791752F}.Debug|Any CPU.Build.0 = Debug|Any CPU
		{E25412D4-7A48-4E8B-B1DF-BD65D791752F}.Release|Any CPU.ActiveCfg = Release|Any CPU
		{E25412D4-7A48-4E8B-B1DF-BD65D791752F}.Release|Any CPU.Build.0 = Release|Any CPU
	EndGlobalSection
	GlobalSection(SolutionProperties) = preSolution
		HideSolutionNode = FALSE
	EndGlobalSection
	GlobalSection(ExtensibilityGlobals) = postSolution
		SolutionGuid = {DA944187-B18C-4A95-9061-BE68F9428382}
	EndGlobalSection
EndGlobal
